{
  "name": "powerquery-transformer",
  "version": "1.0.0",
  "lockfileVersion": 1,
  "requires": true,
  "dependencies": {
    "@microsoft/powerquery-parser": {
      "version": "github:microsoft/powerquery-parser#22360163fe89435a6e92fbc5472b4be82348a758",
      "from": "github:microsoft/powerquery-parser",
      "dev": true,
      "requires": {
        "grapheme-splitter": "^1.0.4"
      }
    },
    "grapheme-splitter": {
      "version": "1.0.4",
      "resolved": "https://registry.npmjs.org/grapheme-splitter/-/grapheme-splitter-1.0.4.tgz",
      "integrity": "sha512-bzh50DW9kTPM00T8y4o8vQg89Di9oLJVLW/KaOGIXJWP/iqCN6WKYkbNOF04vFLJhwcpYUh9ydh/+5vpOqV4YQ==",
      "dev": true
    }
  }
}
